
Microsoft Visual Studio Solution File, Format Version 12.00
# Visual Studio Version 17
VisualStudioVersion = 17.14.36623.8
MinimumVisualStudioVersion = 10.0.40219.1
Project("{FAE04EC0-301F-11D3-BF4B-00C04F79EFBC}") = "WebDataCollector.LicenseGenerator", "WebDataCollector.LicenseGenerator\WebDataCollector.LicenseGenerator.csproj", "{5C681ED9-0E3F-2826-527D-37560A9C720E}"
EndProject
Project("{FAE04EC0-301F-11D3-BF4B-00C04F79EFBC}") = "LicenseGenerator", "LicenseGenerator\LicenseGenerator.csproj", "{1C994420-22D0-CECA-919E-FB6D3F52FC4A}"
EndProject
Project("{FAE04EC0-301F-11D3-BF4B-00C04F79EFBC}") = "WebDataCollector.Desktop", "WebDataCollector.Desktop\WebDataCollector.Desktop.csproj", "{814265F5-DF7B-7C7F-79C6-373B33179048}"
EndProject
Global
	GlobalSection(SolutionConfigurationPlatforms) = preSolution
		Debug|Any CPU = Debug|Any CPU
		Release|Any CPU = Release|Any CPU
	EndGlobalSection
	GlobalSection(ProjectConfigurationPlatforms) = postSolution
		{5C681ED9-0E3F-2826-527D-37560A9C720E}.Debug|Any CPU.ActiveCfg = Debug|Any CPU
		{5C681ED9-0E3F-2826-527D-37560A9C720E}.Debug|Any CPU.Build.0 = Debug|Any CPU
		{5C681ED9-0E3F-2826-527D-37560A9C720E}.Release|Any CPU.ActiveCfg = Release|Any CPU
		{5C681ED9-0E3F-2826-527D-37560A9C720E}.Release|Any CPU.Build.0 = Release|Any CPU
		{1C994420-22D0-CECA-919E-FB6D3F52FC4A}.Debug|Any CPU.ActiveCfg = Debug|Any CPU
		{1C994420-22D0-CECA-919E-FB6D3F52FC4A}.Debug|Any CPU.Build.0 = Debug|Any CPU
		{1C994420-22D0-CECA-919E-FB6D3F52FC4A}.Release|Any CPU.ActiveCfg = Release|Any CPU
		{1C994420-22D0-CECA-919E-FB6D3F52FC4A}.Release|Any CPU.Build.0 = Release|Any CPU
		{814265F5-DF7B-7C7F-79C6-373B33179048}.Debug|Any CPU.ActiveCfg = Debug|Any CPU
		{814265F5-DF7B-7C7F-79C6-373B33179048}.Debug|Any CPU.Build.0 = Debug|Any CPU
		{814265F5-DF7B-7C7F-79C6-373B33179048}.Release|Any CPU.ActiveCfg = Release|Any CPU
		{814265F5-DF7B-7C7F-79C6-373B33179048}.Release|Any CPU.Build.0 = Release|Any CPU
	EndGlobalSection
	GlobalSection(SolutionProperties) = preSolution
		HideSolutionNode = FALSE
	EndGlobalSection
	GlobalSection(ExtensibilityGlobals) = postSolution
		SolutionGuid = {2C19AB51-8E5C-43EA-B287-07D67CD8F625}
	EndGlobalSection
EndGlobal
